// !$*UTF8*$!
{
	archiveVersion = 1;
	classes = {
	};
	objectVersion = 56;
	objects = {

/* Begin PBXBuildFile section */
		4F990A852B5F0BCA00FA5CE0 /* ImageAppApp.swift in Sources */ = {isa = PBXBuildFile; fileRef = 4F990A842B5F0BCA00FA5CE0 /* ImageAppApp.swift */; };
		4F990A872B5F0BCA00FA5CE0 /* ContentView.swift in Sources */ = {isa = PBXBuildFile; fileRef = 4F990A862B5F0BCA00FA5CE0 /* ContentView.swift */; };
		4F990A892B5F0BCB00FA5CE0 /* Assets.xcassets in Resources */ = {isa = PBXBuildFile; fileRef = 4F990A882B5F0BCB00FA5CE0 /* Assets.xcassets */; };
		4F990A8C2B5F0BCB00FA5CE0 /* Preview Assets.xcassets in Resources */ = {isa = PBXBuildFile; fileRef = 4F990A8B2B5F0BCB00FA5CE0 /* Preview Assets.xcassets */; };
		4F990A962B5F0BCC00FA5CE0 /* ImageAppTests.swift in Sources */ = {isa = PBXBuildFile; fileRef = 4F990A952B5F0BCC00FA5CE0 /* ImageAppTests.swift */; };
		4F990AA02B5F0BCC00FA5CE0 /* ImageAppUITests.swift in Sources */ = {isa = PBXBuildFile; fileRef = 4F990A9F2B5F0BCC00FA5CE0 /* ImageAppUITests.swift */; };
		4F990AA22B5F0BCC00FA5CE0 /* ImageAppUITestsLaunchTests.swift in Sources */ = {isa = PBXBuildFile; fileRef = 4F990AA12B5F0BCC00FA5CE0 /* ImageAppUITestsLaunchTests.swift */; };
		4F990AB02B5F0C8800FA5CE0 /* SDWebImageSwiftUI in Frameworks */ = {isa = PBXBuildFile; productRef = 4F990AAF2B5F0C8800FA5CE0 /* SDWebImageSwiftUI */; };
		4F990AB22B5F0CAA00FA5CE0 /* Home.swift in Sources */ = {isa = PBXBuildFile; fileRef = 4F990AB12B5F0CAA00FA5CE0 /* Home.swift */; };
		4F990AB42B5F10D800FA5CE0 /* ViewModel.swift in Sources */ = {isa = PBXBuildFile; fileRef = 4F990AB32B5F10D800FA5CE0 /* ViewModel.swift */; };
		4F990AB62B5F1EC600FA5CE0 /* FavouriteView.swift in Sources */ = {isa = PBXBuildFile; fileRef = 4F990AB52B5F1EC600FA5CE0 /* FavouriteView.swift */; };
		4FB97C662B66ED4F007AC7DC /* ImageListView.swift in Sources */ = {isa = PBXBuildFile; fileRef = 4FB97C652B66ED4F007AC7DC /* ImageListView.swift */; };
		4FB97C682B66ED73007AC7DC /* SearchBar.swift in Sources */ = {isa = PBXBuildFile; fileRef = 4FB97C672B66ED73007AC7DC /* SearchBar.swift */; };
		4FB97C6A2B66ED87007AC7DC /* SliderView.swift in Sources */ = {isa = PBXBuildFile; fileRef = 4FB97C692B66ED87007AC7DC /* SliderView.swift */; };
		4FB97C6C2B66EDAA007AC7DC /* Indicator.swift in Sources */ = {isa = PBXBuildFile; fileRef = 4FB97C6B2B66EDAA007AC7DC /* Indicator.swift */; };
		4FB97C6E2B66EE1D007AC7DC /* Model.swift in Sources */ = {isa = PBXBuildFile; fileRef = 4FB97C6D2B66EE1D007AC7DC /* Model.swift */; };
/* End PBXBuildFile section */

/* Begin PBXContainerItemProxy section */
		4F990A922B5F0BCC00FA5CE0 /* PBXContainerItemProxy */ = {
			isa = PBXContainerItemProxy;
			containerPortal = 4F990A792B5F0BCA00FA5CE0 /* Project object */;
			proxyType = 1;
			remoteGlobalIDString = 4F990A802B5F0BCA00FA5CE0;
			remoteInfo = ImageApp;
		};
		4F990A9C2B5F0BCC00FA5CE0 /* PBXContainerItemProxy */ = {
			isa = PBXContainerItemProxy;
			containerPortal = 4F990A792B5F0BCA00FA5CE0 /* Project object */;
			proxyType = 1;
			remoteGlobalIDString = 4F990A802B5F0BCA00FA5CE0;
			remoteInfo = ImageApp;
		};
/* End PBXContainerItemProxy section */

/* Begin PBXFileReference section */
		4F990A812B5F0BCA00FA5CE0 /* ImageApp.app */ = {isa = PBXFileReference; explicitFileType = wrapper.application; includeInIndex = 0; path = ImageApp.app; sourceTree = BUILT_PRODUCTS_DIR; };
		4F990A842B5F0BCA00FA5CE0 /* ImageAppApp.swift */ = {isa = PBXFileReference; lastKnownFileType = sourcecode.swift; path = ImageAppApp.swift; sourceTree = "<group>"; };
		4F990A862B5F0BCA00FA5CE0 /* ContentView.swift */ = {isa = PBXFileReference; lastKnownFileType = sourcecode.swift; path = ContentView.swift; sourceTree = "<group>"; };
		4F990A882B5F0BCB00FA5CE0 /* Assets.xcassets */ = {isa = PBXFileReference; lastKnownFileType = folder.assetcatalog; path = Assets.xcassets; sourceTree = "<group>"; };
		4F990A8B2B5F0BCB00FA5CE0 /* Preview Assets.xcassets */ = {isa = PBXFileReference; lastKnownFileType = folder.assetcatalog; path = "Preview Assets.xcassets"; sourceTree = "<group>"; };
		4F990A912B5F0BCC00FA5CE0 /* ImageAppTests.xctest */ = {isa = PBXFileReference; explicitFileType = wrapper.cfbundle; includeInIndex = 0; path = ImageAppTests.xctest; sourceTree = BUILT_PRODUCTS_DIR; };
		4F990A952B5F0BCC00FA5CE0 /* ImageAppTests.swift */ = {isa = PBXFileReference; lastKnownFileType = sourcecode.swift; path = ImageAppTests.swift; sourceTree = "<group>"; };
		4F990A9B2B5F0BCC00FA5CE0 /* ImageAppUITests.xctest */ = {isa = PBXFileReference; explicitFileType = wrapper.cfbundle; includeInIndex = 0; path = ImageAppUITests.xctest; sourceTree = BUILT_PRODUCTS_DIR; };
		4F990A9F2B5F0BCC00FA5CE0 /* ImageAppUITests.swift */ = {isa = PBXFileReference; lastKnownFileType = sourcecode.swift; path = ImageAppUITests.swift; sourceTree = "<group>"; };
		4F990AA12B5F0BCC00FA5CE0 /* ImageAppUITestsLaunchTests.swift */ = {isa = PBXFileReference; lastKnownFileType = sourcecode.swift; path = ImageAppUITestsLaunchTests.swift; sourceTree = "<group>"; };
		4F990AB12B5F0CAA00FA5CE0 /* Home.swift */ = {isa = PBXFileReference; lastKnownFileType = sourcecode.swift; path = Home.swift; sourceTree = "<group>"; };
		4F990AB32B5F10D800FA5CE0 /* ViewModel.swift */ = {isa = PBXFileReference; lastKnownFileType = sourcecode.swift; path = ViewModel.swift; sourceTree = "<group>"; };
		4F990AB52B5F1EC600FA5CE0 /* FavouriteView.swift */ = {isa = PBXFileReference; lastKnownFileType = sourcecode.swift; path = FavouriteView.swift; sourceTree = "<group>"; };
		4FB97C652B66ED4F007AC7DC /* ImageListView.swift */ = {isa = PBXFileReference; lastKnownFileType = sourcecode.swift; path = ImageListView.swift; sourceTree = "<group>"; };
		4FB97C672B66ED73007AC7DC /* SearchBar.swift */ = {isa = PBXFileReference; lastKnownFileType = sourcecode.swift; path = SearchBar.swift; sourceTree = "<group>"; };
		4FB97C692B66ED87007AC7DC /* SliderView.swift */ = {isa = PBXFileReference; lastKnownFileType = sourcecode.swift; path = SliderView.swift; sourceTree = "<group>"; };
		4FB97C6B2B66EDAA007AC7DC /* Indicator.swift */ = {isa = PBXFileReference; lastKnownFileType = sourcecode.swift; path = Indicator.swift; sourceTree = "<group>"; };
		4FB97C6D2B66EE1D007AC7DC /* Model.swift */ = {isa = PBXFileReference; lastKnownFileType = sourcecode.swift; path = Model.swift; sourceTree = "<group>"; };
/* End PBXFileReference section */

/* Begin PBXFrameworksBuildPhase section */
		4F990A7E2B5F0BCA00FA5CE0 /* Frameworks */ = {
			isa = PBXFrameworksBuildPhase;
			buildActionMask = 2147483647;
			files = (
				4F990AB02B5F0C8800FA5CE0 /* SDWebImageSwiftUI in Frameworks */,
			);
			runOnlyForDeploymentPostprocessing = 0;
		};
		4F990A8E2B5F0BCC00FA5CE0 /* Frameworks */ = {
			isa = PBXFrameworksBuildPhase;
			buildActionMask = 2147483647;
			files = (
			);
			runOnlyForDeploymentPostprocessing = 0;
		};
		4F990A982B5F0BCC00FA5CE0 /* Frameworks */ = {
			isa = PBXFrameworksBuildPhase;
			buildActionMask = 2147483647;
			files = (
			);
			runOnlyForDeploymentPostprocessing = 0;
		};
/* End PBXFrameworksBuildPhase section */

/* Begin PBXGroup section */
		4F990A782B5F0BCA00FA5CE0 = {
			isa = PBXGroup;
			children = (
				4F990A832B5F0BCA00FA5CE0 /* ImageApp */,
				4F990A942B5F0BCC00FA5CE0 /* ImageAppTests */,
				4F990A9E2B5F0BCC00FA5CE0 /* ImageAppUITests */,
				4F990A822B5F0BCA00FA5CE0 /* Products */,
			);
			sourceTree = "<group>";
		};
		4F990A822B5F0BCA00FA5CE0 /* Products */ = {
			isa = PBXGroup;
			children = (
				4F990A812B5F0BCA00FA5CE0 /* ImageApp.app */,
				4F990A912B5F0BCC00FA5CE0 /* ImageAppTests.xctest */,
				4F990A9B2B5F0BCC00FA5CE0 /* ImageAppUITests.xctest */,
			);
			name = Products;
			sourceTree = "<group>";
		};
		4F990A832B5F0BCA00FA5CE0 /* ImageApp */ = {
			isa = PBXGroup;
			children = (
				4FB97C642B66ED37007AC7DC /* Resources */,
				4FB97C632B66ED16007AC7DC /* ViewModels */,
				4FB97C622B66ED10007AC7DC /* Models */,
				4FB97C612B66ED09007AC7DC /* Views */,
				4F990A8A2B5F0BCB00FA5CE0 /* Preview Content */,
			);
			path = ImageApp;
			sourceTree = "<group>";
		};
		4F990A8A2B5F0BCB00FA5CE0 /* Preview Content */ = {
			isa = PBXGroup;
			children = (
				4F990A8B2B5F0BCB00FA5CE0 /* Preview Assets.xcassets */,
			);
			path = "Preview Content";
			sourceTree = "<group>";
		};
		4F990A942B5F0BCC00FA5CE0 /* ImageAppTests */ = {
			isa = PBXGroup;
			children = (
				4F990A952B5F0BCC00FA5CE0 /* ImageAppTests.swift */,
			);
			path = ImageAppTests;
			sourceTree = "<group>";
		};
		4F990A9E2B5F0BCC00FA5CE0 /* ImageAppUITests */ = {
			isa = PBXGroup;
			children = (
				4F990A9F2B5F0BCC00FA5CE0 /* ImageAppUITests.swift */,
				4F990AA12B5F0BCC00FA5CE0 /* ImageAppUITestsLaunchTests.swift */,
			);
			path = ImageAppUITests;
			sourceTree = "<group>";
		};
		4FB97C612B66ED09007AC7DC /* Views */ = {
			isa = PBXGroup;
			children = (
				4F990A862B5F0BCA00FA5CE0 /* ContentView.swift */,
				4F990AB12B5F0CAA00FA5CE0 /* Home.swift */,
				4F990AB52B5F1EC600FA5CE0 /* FavouriteView.swift */,
				4FB97C652B66ED4F007AC7DC /* ImageListView.swift */,
				4FB97C672B66ED73007AC7DC /* SearchBar.swift */,
				4FB97C692B66ED87007AC7DC /* SliderView.swift */,
				4FB97C6B2B66EDAA007AC7DC /* Indicator.swift */,
			);
			path = Views;
			sourceTree = "<group>";
		};
		4FB97C622B66ED10007AC7DC /* Models */ = {
			isa = PBXGroup;
			children = (
				4FB97C6D2B66EE1D007AC7DC /* Model.swift */,
			);
			path = Models;
			sourceTree = "<group>";
		};
		4FB97C632B66ED16007AC7DC /* ViewModels */ = {
			isa = PBXGroup;
			children = (
				4F990AB32B5F10D800FA5CE0 /* ViewModel.swift */,
			);
			path = ViewModels;
			sourceTree = "<group>";
		};
		4FB97C642B66ED37007AC7DC /* Resources */ = {
			isa = PBXGroup;
			children = (
				4F990A842B5F0BCA00FA5CE0 /* ImageAppApp.swift */,
				4F990A882B5F0BCB00FA5CE0 /* Assets.xcassets */,
			);
			path = Resources;
			sourceTree = "<group>";
		};
/* End PBXGroup section */

/* Begin PBXNativeTarget section */
		4F990A802B5F0BCA00FA5CE0 /* ImageApp */ = {
			isa = PBXNativeTarget;
			buildConfigurationList = 4F990AA52B5F0BCC00FA5CE0 /* Build configuration list for PBXNativeTarget "ImageApp" */;
			buildPhases = (
				4F990A7D2B5F0BCA00FA5CE0 /* Sources */,
				4F990A7E2B5F0BCA00FA5CE0 /* Frameworks */,
				4F990A7F2B5F0BCA00FA5CE0 /* Resources */,
			);
			buildRules = (
			);
			dependencies = (
			);
			name = ImageApp;
			packageProductDependencies = (
				4F990AAF2B5F0C8800FA5CE0 /* SDWebImageSwiftUI */,
			);
			productName = ImageApp;
			productReference = 4F990A812B5F0BCA00FA5CE0 /* ImageApp.app */;
			productType = "com.apple.product-type.application";
		};
		4F990A902B5F0BCC00FA5CE0 /* ImageAppTests */ = {
			isa = PBXNativeTarget;
			buildConfigurationList = 4F990AA82B5F0BCC00FA5CE0 /* Build configuration list for PBXNativeTarget "ImageAppTests" */;
			buildPhases = (
				4F990A8D2B5F0BCC00FA5CE0 /* Sources */,
				4F990A8E2B5F0BCC00FA5CE0 /* Frameworks */,
				4F990A8F2B5F0BCC00FA5CE0 /* Resources */,
			);
			buildRules = (
			);
			dependencies = (
				4F990A932B5F0BCC00FA5CE0 /* PBXTargetDependency */,
			);
			name = ImageAppTests;
			productName = ImageAppTests;
			productReference = 4F990A912B5F0BCC00FA5CE0 /* ImageAppTests.xctest */;
			productType = "com.apple.product-type.bundle.unit-test";
		};
		4F990A9A2B5F0BCC00FA5CE0 /* ImageAppUITests */ = {
			isa = PBXNativeTarget;
			buildConfigurationList = 4F990AAB2B5F0BCC00FA5CE0 /* Build configuration list for PBXNativeTarget "ImageAppUITests" */;
			buildPhases = (
				4F990A972B5F0BCC00FA5CE0 /* Sources */,
				4F990A982B5F0BCC00FA5CE0 /* Frameworks */,
				4F990A992B5F0BCC00FA5CE0 /* Resources */,
			);
			buildRules = (
			);
			dependencies = (
				4F990A9D2B5F0BCC00FA5CE0 /* PBXTargetDependency */,
			);
			name = ImageAppUITests;
			productName = ImageAppUITests;
			productReference = 4F990A9B2B5F0BCC00FA5CE0 /* ImageAppUITests.xctest */;
			productType = "com.apple.product-type.bundle.ui-testing";
		};
/* End PBXNativeTarget section */

/* Begin PBXProject section */
		4F990A792B5F0BCA00FA5CE0 /* Project object */ = {
			isa = PBXProject;
			attributes = {
				BuildIndependentTargetsInParallel = 1;
				LastSwiftUpdateCheck = 1500;
				LastUpgradeCheck = 1500;
				TargetAttributes = {
					4F990A802B5F0BCA00FA5CE0 = {
						CreatedOnToolsVersion = 15.0;
					};
					4F990A902B5F0BCC00FA5CE0 = {
						CreatedOnToolsVersion = 15.0;
						TestTargetID = 4F990A802B5F0BCA00FA5CE0;
					};
					4F990A9A2B5F0BCC00FA5CE0 = {
						CreatedOnToolsVersion = 15.0;
						TestTargetID = 4F990A802B5F0BCA00FA5CE0;
					};
				};
			};
			buildConfigurationList = 4F990A7C2B5F0BCA00FA5CE0 /* Build configuration list for PBXProject "ImageApp" */;
			compatibilityVersion = "Xcode 14.0";
			developmentRegion = en;
			hasScannedForEncodings = 0;
			knownRegions = (
				en,
				Base,
			);
			mainGroup = 4F990A782B5F0BCA00FA5CE0;
			packageReferences = (
				4F990AAE2B5F0C8800FA5CE0 /* XCRemoteSwiftPackageReference "SDWebImageSwiftUI.git" */,
			);
			productRefGroup = 4F990A822B5F0BCA00FA5CE0 /* Products */;
			projectDirPath = "";
			projectRoot = "";
			targets = (
				4F990A802B5F0BCA00FA5CE0 /* ImageApp */,
				4F990A902B5F0BCC00FA5CE0 /* ImageAppTests */,
				4F990A9A2B5F0BCC00FA5CE0 /* ImageAppUITests */,
			);
		};
/* End PBXProject section */

/* Begin PBXResourcesBuildPhase section */
		4F990A7F2B5F0BCA00FA5CE0 /* Resources */ = {
			isa = PBXResourcesBuildPhase;
			buildActionMask = 2147483647;
			files = (
				4F990A8C2B5F0BCB00FA5CE0 /* Preview Assets.xcassets in Resources */,
				4F990A892B5F0BCB00FA5CE0 /* Assets.xcassets in Resources */,
			);
			runOnlyForDeploymentPostprocessing = 0;
		};
		4F990A8F2B5F0BCC00FA5CE0 /* Resources */ = {
			isa = PBXResourcesBuildPhase;
			buildActionMask = 2147483647;
			files = (
			);
			runOnlyForDeploymentPostprocessing = 0;
		};
		4F990A992B5F0BCC00FA5CE0 /* Resources */ = {
			isa = PBXResourcesBuildPhase;
			buildActionMask = 2147483647;
			files = (
			);
			runOnlyForDeploymentPostprocessing = 0;
		};
/* End PBXResourcesBuildPhase section */

/* Begin PBXSourcesBuildPhase section */
		4F990A7D2B5F0BCA00FA5CE0 /* Sources */ = {
			isa = PBXSourcesBuildPhase;
			buildActionMask = 2147483647;
			files = (
				4FB97C682B66ED73007AC7DC /* SearchBar.swift in Sources */,
				4FB97C6A2B66ED87007AC7DC /* SliderView.swift in Sources */,
				4F990A872B5F0BCA00FA5CE0 /* ContentView.swift in Sources */,
				4F990AB22B5F0CAA00FA5CE0 /* Home.swift in Sources */,
				4F990AB62B5F1EC600FA5CE0 /* FavouriteView.swift in Sources */,
				4FB97C6E2B66EE1D007AC7DC /* Model.swift in Sources */,
				4F990AB42B5F10D800FA5CE0 /* ViewModel.swift in Sources */,
				4FB97C662B66ED4F007AC7DC /* ImageListView.swift in Sources */,
				4FB97C6C2B66EDAA007AC7DC /* Indicator.swift in Sources */,
				4F990A852B5F0BCA00FA5CE0 /* ImageAppApp.swift in Sources */,
			);
			runOnlyForDeploymentPostprocessing = 0;
		};
		4F990A8D2B5F0BCC00FA5CE0 /* Sources */ = {
			isa = PBXSourcesBuildPhase;
			buildActionMask = 2147483647;
			files = (
				4F990A962B5F0BCC00FA5CE0 /* ImageAppTests.swift in Sources */,
			);
			runOnlyForDeploymentPostprocessing = 0;
		};
		4F990A972B5F0BCC00FA5CE0 /* Sources */ = {
			isa = PBXSourcesBuildPhase;
			buildActionMask = 2147483647;
			files = (
				4F990AA22B5F0BCC00FA5CE0 /* ImageAppUITestsLaunchTests.swift in Sources */,
				4F990AA02B5F0BCC00FA5CE0 /* ImageAppUITests.swift in Sources */,
			);
			runOnlyForDeploymentPostprocessing = 0;
		};
/* End PBXSourcesBuildPhase section */

/* Begin PBXTargetDependency section */
		4F990A932B5F0BCC00FA5CE0 /* PBXTargetDependency */ = {
			isa = PBXTargetDependency;
			target = 4F990A802B5F0BCA00FA5CE0 /* ImageApp */;
			targetProxy = 4F990A922B5F0BCC00FA5CE0 /* PBXContainerItemProxy */;
		};
		4F990A9D2B5F0BCC00FA5CE0 /* PBXTargetDependency */ = {
			isa = PBXTargetDependency;
			target = 4F990A802B5F0BCA00FA5CE0 /* ImageApp */;
			targetProxy = 4F990A9C2B5F0BCC00FA5CE0 /* PBXContainerItemProxy */;
		};
/* End PBXTargetDependency section */

/* Begin XCBuildConfiguration section */
		4F990AA32B5F0BCC00FA5CE0 /* Debug */ = {
			isa = XCBuildConfiguration;
			buildSettings = {
				ALWAYS_SEARCH_USER_PATHS = NO;
				ASSETCATALOG_COMPILER_GENERATE_SWIFT_ASSET_SYMBOL_EXTENSIONS = YES;
				CLANG_ANALYZER_NONNULL = YES;
				CLANG_ANALYZER_NUMBER_OBJECT_CONVERSION = YES_AGGRESSIVE;
				CLANG_CXX_LANGUAGE_STANDARD = "gnu++20";
				CLANG_ENABLE_MODULES = YES;
				CLANG_ENABLE_OBJC_ARC = YES;
				CLANG_ENABLE_OBJC_WEAK = YES;
				CLANG_WARN_BLOCK_CAPTURE_AUTORELEASING = YES;
				CLANG_WARN_BOOL_CONVERSION = YES;
				CLANG_WARN_COMMA = YES;
				CLANG_WARN_CONSTANT_CONVERSION = YES;
				CLANG_WARN_DEPRECATED_OBJC_IMPLEMENTATIONS = YES;
				CLANG_WARN_DIRECT_OBJC_ISA_USAGE = YES_ERROR;
				CLANG_WARN_DOCUMENTATION_COMMENTS = YES;
				CLANG_WARN_EMPTY_BODY = YES;
				CLANG_WARN_ENUM_CONVERSION = YES;
				CLANG_WARN_INFINITE_RECURSION = YES;
				CLANG_WARN_INT_CONVERSION = YES;
				CLANG_WARN_NON_LITERAL_NULL_CONVERSION = YES;
				CLANG_WARN_OBJC_IMPLICIT_RETAIN_SELF = YES;
				CLANG_WARN_OBJC_LITERAL_CONVERSION = YES;
				CLANG_WARN_OBJC_ROOT_CLASS = YES_ERROR;
				CLANG_WARN_QUOTED_INCLUDE_IN_FRAMEWORK_HEADER = YES;
				CLANG_WARN_RANGE_LOOP_ANALYSIS = YES;
				CLANG_WARN_STRICT_PROTOTYPES = YES;
				CLANG_WARN_SUSPICIOUS_MOVE = YES;
				CLANG_WARN_UNGUARDED_AVAILABILITY = YES_AGGRESSIVE;
				CLANG_WARN_UNREACHABLE_CODE = YES;
				CLANG_WARN__DUPLICATE_METHOD_MATCH = YES;
				COPY_PHASE_STRIP = NO;
				DEBUG_INFORMATION_FORMAT = dwarf;
				ENABLE_STRICT_OBJC_MSGSEND = YES;
				ENABLE_TESTABILITY = YES;
				ENABLE_USER_SCRIPT_SANDBOXING = NO;
				GCC_C_LANGUAGE_STANDARD = gnu17;
				GCC_DYNAMIC_NO_PIC = NO;
				GCC_NO_COMMON_BLOCKS = YES;
				GCC_OPTIMIZATION_LEVEL = 0;
				GCC_PREPROCESSOR_DEFINITIONS = (
					"DEBUG=1",
					"$(inherited)",
				);
				GCC_WARN_64_TO_32_BIT_CONVERSION = YES;
				GCC_WARN_ABOUT_RETURN_TYPE = YES_ERROR;
				GCC_WARN_UNDECLARED_SELECTOR = YES;
				GCC_WARN_UNINITIALIZED_AUTOS = YES_AGGRESSIVE;
				GCC_WARN_UNUSED_FUNCTION = YES;
				GCC_WARN_UNUSED_VARIABLE = YES;
				IPHONEOS_DEPLOYMENT_TARGET = 17.0;
				LOCALIZATION_PREFERS_STRING_CATALOGS = YES;
				MTL_ENABLE_DEBUG_INFO = INCLUDE_SOURCE;
				MTL_FAST_MATH = YES;
				ONLY_ACTIVE_ARCH = YES;
				SDKROOT = iphoneos;
				SWIFT_ACTIVE_COMPILATION_CONDITIONS = "DEBUG $(inherited)";
				SWIFT_OPTIMIZATION_LEVEL = "-Onone";
			};
			name = Debug;
		};
		4F990AA42B5F0BCC00FA5CE0 /* Release */ = {
			isa = XCBuildConfiguration;
			buildSettings = {
				ALWAYS_SEARCH_USER_PATHS = NO;
				ASSETCATALOG_COMPILER_GENERATE_SWIFT_ASSET_SYMBOL_EXTENSIONS = YES;
				CLANG_ANALYZER_NONNULL = YES;
				CLANG_ANALYZER_NUMBER_OBJECT_CONVERSION = YES_AGGRESSIVE;
				CLANG_CXX_LANGUAGE_STANDARD = "gnu++20";
				CLANG_ENABLE_MODULES = YES;
				CLANG_ENABLE_OBJC_ARC = YES;
				CLANG_ENABLE_OBJC_WEAK = YES;
				CLANG_WARN_BLOCK_CAPTURE_AUTORELEASING = YES;
				CLANG_WARN_BOOL_CONVERSION = YES;
				CLANG_WARN_COMMA = YES;
				CLANG_WARN_CONSTANT_CONVERSION = YES;
				CLANG_WARN_DEPRECATED_OBJC_IMPLEMENTATIONS = YES;
				CLANG_WARN_DIRECT_OBJC_ISA_USAGE = YES_ERROR;
				CLANG_WARN_DOCUMENTATION_COMMENTS = YES;
				CLANG_WARN_EMPTY_BODY = YES;
				CLANG_WARN_ENUM_CONVERSION = YES;
				CLANG_WARN_INFINITE_RECURSION = YES;
				CLANG_WARN_INT_CONVERSION = YES;
				CLANG_WARN_NON_LITERAL_NULL_CONVERSION = YES;
				CLANG_WARN_OBJC_IMPLICIT_RETAIN_SELF = YES;
				CLANG_WARN_OBJC_LITERAL_CONVERSION = YES;
				CLANG_WARN_OBJC_ROOT_CLASS = YES_ERROR;
				CLANG_WARN_QUOTED_INCLUDE_IN_FRAMEWORK_HEADER = YES;
				CLANG_WARN_RANGE_LOOP_ANALYSIS = YES;
				CLANG_WARN_STRICT_PROTOTYPES = YES;
				CLANG_WARN_SUSPICIOUS_MOVE = YES;
				CLANG_WARN_UNGUARDED_AVAILABILITY = YES_AGGRESSIVE;
				CLANG_WARN_UNREACHABLE_CODE = YES;
				CLANG_WARN__DUPLICATE_METHOD_MATCH = YES;
				COPY_PHASE_STRIP = NO;
				DEBUG_INFORMATION_FORMAT = "dwarf-with-dsym";
				ENABLE_NS_ASSERTIONS = NO;
				ENABLE_STRICT_OBJC_MSGSEND = YES;
				ENABLE_USER_SCRIPT_SANDBOXING = NO;
				GCC_C_LANGUAGE_STANDARD = gnu17;
				GCC_NO_COMMON_BLOCKS = YES;
				GCC_WARN_64_TO_32_BIT_CONVERSION = YES;
				GCC_WARN_ABOUT_RETURN_TYPE = YES_ERROR;
				GCC_WARN_UNDECLARED_SELECTOR = YES;
				GCC_WARN_UNINITIALIZED_AUTOS = YES_AGGRESSIVE;
				GCC_WARN_UNUSED_FUNCTION = YES;
				GCC_WARN_UNUSED_VARIABLE = YES;
				IPHONEOS_DEPLOYMENT_TARGET = 17.0;
				LOCALIZATION_PREFERS_STRING_CATALOGS = YES;
				MTL_ENABLE_DEBUG_INFO = NO;
				MTL_FAST_MATH = YES;
				SDKROOT = iphoneos;
				SWIFT_COMPILATION_MODE = wholemodule;
				VALIDATE_PRODUCT = YES;
			};
			name = Release;
		};
		4F990AA62B5F0BCC00FA5CE0 /* Debug */ = {
			isa = XCBuildConfiguration;
			buildSettings = {
				ASSETCATALOG_COMPILER_APPICON_NAME = AppIcon;
				ASSETCATALOG_COMPILER_GLOBAL_ACCENT_COLOR_NAME = AccentColor;
				CODE_SIGN_STYLE = Automatic;
				CURRENT_PROJECT_VERSION = 1;
				DEVELOPMENT_ASSET_PATHS = "\"ImageApp/Preview Content\"";
				DEVELOPMENT_TEAM = 733XWR5Y23;
				ENABLE_PREVIEWS = YES;
				GENERATE_INFOPLIST_FILE = YES;
				INFOPLIST_KEY_NSPhotoLibraryAddUsageDescription = "";
				INFOPLIST_KEY_NSPhotoLibraryUsageDescription = "";
				INFOPLIST_KEY_UIApplicationSceneManifest_Generation = YES;
				INFOPLIST_KEY_UIApplicationSupportsIndirectInputEvents = YES;
				INFOPLIST_KEY_UILaunchScreen_Generation = YES;
				INFOPLIST_KEY_UISupportedInterfaceOrientations_iPad = "UIInterfaceOrientationPortrait UIInterfaceOrientationPortraitUpsideDown UIInterfaceOrientationLandscapeLeft UIInterfaceOrientationLandscapeRight";
				INFOPLIST_KEY_UISupportedInterfaceOrientations_iPhone = "UIInterfaceOrientationPortrait UIInterfaceOrientationLandscapeLeft UIInterfaceOrientationLandscapeRight";
				IPHONEOS_DEPLOYMENT_TARGET = 17.0;
				LD_RUNPATH_SEARCH_PATHS = (
					"$(inherited)",
					"@executable_path/Frameworks",
				);
				MARKETING_VERSION = 1.0;
				PRODUCT_BUNDLE_IDENTIFIER = com.aclinaev.ImageApp;
				PRODUCT_NAME = "$(TARGET_NAME)";
				SWIFT_EMIT_LOC_STRINGS = YES;
				SWIFT_VERSION = 5.0;
				TARGETED_DEVICE_FAMILY = "1,2";
			};
			name = Debug;
		};
		4F990AA72B5F0BCC00FA5CE0 /* Release */ = {
			isa = XCBuildConfiguration;
			buildSettings = {
				ASSETCATALOG_COMPILER_APPICON_NAME = AppIcon;
				ASSETCATALOG_COMPILER_GLOBAL_ACCENT_COLOR_NAME = AccentColor;
				CODE_SIGN_STYLE = Automatic;
				CURRENT_PROJECT_VERSION = 1;
				DEVELOPMENT_ASSET_PATHS = "\"ImageApp/Preview Content\"";
				DEVELOPMENT_TEAM = 733XWR5Y23;
				ENABLE_PREVIEWS = YES;
				GENERATE_INFOPLIST_FILE = YES;
				INFOPLIST_KEY_NSPhotoLibraryAddUsageDescription = "";
				INFOPLIST_KEY_NSPhotoLibraryUsageDescription = "";
				INFOPLIST_KEY_UIApplicationSceneManifest_Generation = YES;
				INFOPLIST_KEY_UIApplicationSupportsIndirectInputEvents = YES;
				INFOPLIST_KEY_UILaunchScreen_Generation = YES;
				INFOPLIST_KEY_UISupportedInterfaceOrientations_iPad = "UIInterfaceOrientationPortrait UIInterfaceOrientationPortraitUpsideDown UIInterfaceOrientationLandscapeLeft UIInterfaceOrientationLandscapeRight";
				INFOPLIST_KEY_UISupportedInterfaceOrientations_iPhone = "UIInterfaceOrientationPortrait UIInterfaceOrientationLandscapeLeft UIInterfaceOrientationLandscapeRight";
				IPHONEOS_DEPLOYMENT_TARGET = 17.0;
				LD_RUNPATH_SEARCH_PATHS = (
					"$(inherited)",
					"@executable_path/Frameworks",
				);
				MARKETING_VERSION = 1.0;
				PRODUCT_BUNDLE_IDENTIFIER = com.aclinaev.ImageApp;
				PRODUCT_NAME = "$(TARGET_NAME)";
				SWIFT_EMIT_LOC_STRINGS = YES;
				SWIFT_VERSION = 5.0;
				TARGETED_DEVICE_FAMILY = "1,2";
			};
			name = Release;
		};
		4F990AA92B5F0BCC00FA5CE0 /* Debug */ = {
			isa = XCBuildConfiguration;
			buildSettings = {
				ALWAYS_EMBED_SWIFT_STANDARD_LIBRARIES = YES;
				BUNDLE_LOADER = "$(TEST_HOST)";
				CODE_SIGN_STYLE = Automatic;
				CURRENT_PROJECT_VERSION = 1;
				DEVELOPMENT_TEAM = 733XWR5Y23;
				GENERATE_INFOPLIST_FILE = YES;
				IPHONEOS_DEPLOYMENT_TARGET = 17.0;
				MARKETING_VERSION = 1.0;
				PRODUCT_BUNDLE_IDENTIFIER = com.aclinaev.ImageAppTests;
				PRODUCT_NAME = "$(TARGET_NAME)";
				SWIFT_EMIT_LOC_STRINGS = NO;
				SWIFT_VERSION = 5.0;
				TARGETED_DEVICE_FAMILY = "1,2";
				TEST_HOST = "$(BUILT_PRODUCTS_DIR)/ImageApp.app/$(BUNDLE_EXECUTABLE_FOLDER_PATH)/ImageApp";
			};
			name = Debug;
		};
		4F990AAA2B5F0BCC00FA5CE0 /* Release */ = {
			isa = XCBuildConfiguration;
			buildSettings = {
				ALWAYS_EMBED_SWIFT_STANDARD_LIBRARIES = YES;
				BUNDLE_LOADER = "$(TEST_HOST)";
				CODE_SIGN_STYLE = Automatic;
				CURRENT_PROJECT_VERSION = 1;
				DEVELOPMENT_TEAM = 733XWR5Y23;
				GENERATE_INFOPLIST_FILE = YES;
				IPHONEOS_DEPLOYMENT_TARGET = 17.0;
				MARKETING_VERSION = 1.0;
				PRODUCT_BUNDLE_IDENTIFIER = com.aclinaev.ImageAppTests;
				PRODUCT_NAME = "$(TARGET_NAME)";
				SWIFT_EMIT_LOC_STRINGS = NO;
				SWIFT_VERSION = 5.0;
				TARGETED_DEVICE_FAMILY = "1,2";
				TEST_HOST = "$(BUILT_PRODUCTS_DIR)/ImageApp.app/$(BUNDLE_EXECUTABLE_FOLDER_PATH)/ImageApp";
			};
			name = Release;
		};
		4F990AAC2B5F0BCC00FA5CE0 /* Debug */ = {
			isa = XCBuildConfiguration;
			buildSettings = {
				ALWAYS_EMBED_SWIFT_STANDARD_LIBRARIES = YES;
				CODE_SIGN_STYLE = Automatic;
				CURRENT_PROJECT_VERSION = 1;
				DEVELOPMENT_TEAM = 733XWR5Y23;
				GENERATE_INFOPLIST_FILE = YES;
				MARKETING_VERSION = 1.0;
				PRODUCT_BUNDLE_IDENTIFIER = com.aclinaev.ImageAppUITests;
				PRODUCT_NAME = "$(TARGET_NAME)";
				SWIFT_EMIT_LOC_STRINGS = NO;
				SWIFT_VERSION = 5.0;
				TARGETED_DEVICE_FAMILY = "1,2";
				TEST_TARGET_NAME = ImageApp;
			};
			name = Debug;
		};
		4F990AAD2B5F0BCC00FA5CE0 /* Release */ = {
			isa = XCBuildConfiguration;
			buildSettings = {
				ALWAYS_EMBED_SWIFT_STANDARD_LIBRARIES = YES;
				CODE_SIGN_STYLE = Automatic;
				CURRENT_PROJECT_VERSION = 1;
				DEVELOPMENT_TEAM = 733XWR5Y23;
				GENERATE_INFOPLIST_FILE = YES;
				MARKETING_VERSION = 1.0;
				PRODUCT_BUNDLE_IDENTIFIER = com.aclinaev.ImageAppUITests;
				PRODUCT_NAME = "$(TARGET_NAME)";
				SWIFT_EMIT_LOC_STRINGS = NO;
				SWIFT_VERSION = 5.0;
				TARGETED_DEVICE_FAMILY = "1,2";
				TEST_TARGET_NAME = ImageApp;
			};
			name = Release;
		};
/* End XCBuildConfiguration section */

/* Begin XCConfigurationList section */
		4F990A7C2B5F0BCA00FA5CE0 /* Build configuration list for PBXProject "ImageApp" */ = {
			isa = XCConfigurationList;
			buildConfigurations = (
				4F990AA32B5F0BCC00FA5CE0 /* Debug */,
				4F990AA42B5F0BCC00FA5CE0 /* Release */,
			);
			defaultConfigurationIsVisible = 0;
			defaultConfigurationName = Release;
		};
		4F990AA52B5F0BCC00FA5CE0 /* Build configuration list for PBXNativeTarget "ImageApp" */ = {
			isa = XCConfigurationList;
			buildConfigurations = (
				4F990AA62B5F0BCC00FA5CE0 /* Debug */,
				4F990AA72B5F0BCC00FA5CE0 /* Release */,
			);
			defaultConfigurationIsVisible = 0;
			defaultConfigurationName = Release;
		};
		4F990AA82B5F0BCC00FA5CE0 /* Build configuration list for PBXNativeTarget "ImageAppTests" */ = {
			isa = XCConfigurationList;
			buildConfigurations = (
				4F990AA92B5F0BCC00FA5CE0 /* Debug */,
				4F990AAA2B5F0BCC00FA5CE0 /* Release */,
			);
			defaultConfigurationIsVisible = 0;
			defaultConfigurationName = Release;
		};
		4F990AAB2B5F0BCC00FA5CE0 /* Build configuration list for PBXNativeTarget "ImageAppUITests" */ = {
			isa = XCConfigurationList;
			buildConfigurations = (
				4F990AAC2B5F0BCC00FA5CE0 /* Debug */,
				4F990AAD2B5F0BCC00FA5CE0 /* Release */,
			);
			defaultConfigurationIsVisible = 0;
			defaultConfigurationName = Release;
		};
/* End XCConfigurationList section */

/* Begin XCRemoteSwiftPackageReference section */
		4F990AAE2B5F0C8800FA5CE0 /* XCRemoteSwiftPackageReference "SDWebImageSwiftUI.git" */ = {
			isa = XCRemoteSwiftPackageReference;
			repositoryURL = "https://github.com/SDWebImage/SDWebImageSwiftUI.git";
			requirement = {
				kind = upToNextMajorVersion;
				minimumVersion = 2.2.6;
			};
		};
/* End XCRemoteSwiftPackageReference section */

/* Begin XCSwiftPackageProductDependency section */
		4F990AAF2B5F0C8800FA5CE0 /* SDWebImageSwiftUI */ = {
			isa = XCSwiftPackageProductDependency;
			package = 4F990AAE2B5F0C8800FA5CE0 /* XCRemoteSwiftPackageReference "SDWebImageSwiftUI.git" */;
			productName = SDWebImageSwiftUI;
		};
/* End XCSwiftPackageProductDependency section */
	};
	rootObject = 4F990A792B5F0BCA00FA5CE0 /* Project object */;
}
